// !$*UTF8*$!
{
	archiveVersion = 1;
	classes = {
	};
	objectVersion = 55;
	objects = {

/* Begin PBXBuildFile section */
		B507A7CA27959E3F00E8840D /* PostImageView.swift in Sources */ = {isa = PBXBuildFile; fileRef = B507A7C927959E3F00E8840D /* PostImageView.swift */; };
		B507A7CC2797EE8300E8840D /* Story.swift in Sources */ = {isa = PBXBuildFile; fileRef = B507A7CB2797EE8300E8840D /* Story.swift */; };
		B507A7CE27983ECE00E8840D /* PostViewController.swift in Sources */ = {isa = PBXBuildFile; fileRef = B507A7CD27983ECE00E8840D /* PostViewController.swift */; };
		B507A7D02798FBE200E8840D /* PostCollectionView.swift in Sources */ = {isa = PBXBuildFile; fileRef = B507A7CF2798FBE200E8840D /* PostCollectionView.swift */; };
		B507A7D22798FCC000E8840D /* CommentCell.swift in Sources */ = {isa = PBXBuildFile; fileRef = B507A7D12798FCC000E8840D /* CommentCell.swift */; };
		B507A7D5279912CB00E8840D /* AddCommentView.swift in Sources */ = {isa = PBXBuildFile; fileRef = B507A7D4279912CB00E8840D /* AddCommentView.swift */; };
		B52DAEC0278D23560002D930 /* SearchViewController.swift in Sources */ = {isa = PBXBuildFile; fileRef = B52DAEBF278D23560002D930 /* SearchViewController.swift */; };
		B52DAEC4278DD3470002D930 /* ThumbnailCell.swift in Sources */ = {isa = PBXBuildFile; fileRef = B52DAEC3278DD3470002D930 /* ThumbnailCell.swift */; };
		B52DAEC6278E53D10002D930 /* ImageItem.swift in Sources */ = {isa = PBXBuildFile; fileRef = B52DAEC5278E53D10002D930 /* ImageItem.swift */; };
		B52DAEC8278E7A990002D930 /* SearchViewModel.swift in Sources */ = {isa = PBXBuildFile; fileRef = B52DAEC7278E7A990002D930 /* SearchViewModel.swift */; };
		B52DAECA278E99A70002D930 /* Post.swift in Sources */ = {isa = PBXBuildFile; fileRef = B52DAEC9278E99A70002D930 /* Post.swift */; };
		B53F2EF9278EBDE90038B2C3 /* User.swift in Sources */ = {isa = PBXBuildFile; fileRef = B53F2EF8278EBDE90038B2C3 /* User.swift */; };
		B53F2EFB278ECBE00038B2C3 /* Comment.swift in Sources */ = {isa = PBXBuildFile; fileRef = B53F2EFA278ECBE00038B2C3 /* Comment.swift */; };
		B53F2EFD278ED4D80038B2C3 /* GoogleService-Info.plist in Resources */ = {isa = PBXBuildFile; fileRef = B53F2EFC278ED4D80038B2C3 /* GoogleService-Info.plist */; };
		B53F2F0727910AA40038B2C3 /* HomeCollectionView.swift in Sources */ = {isa = PBXBuildFile; fileRef = B53F2F0627910AA40038B2C3 /* HomeCollectionView.swift */; };
		B53F2F0B279160020038B2C3 /* StoryCell.swift in Sources */ = {isa = PBXBuildFile; fileRef = B53F2F0A279160020038B2C3 /* StoryCell.swift */; };
		B53F2F0E279163EF0038B2C3 /* Storybook.swift in Sources */ = {isa = PBXBuildFile; fileRef = B53F2F0D279163EF0038B2C3 /* Storybook.swift */; };
		B54612792782C65000C87339 /* AppDelegate.swift in Sources */ = {isa = PBXBuildFile; fileRef = B54612782782C65000C87339 /* AppDelegate.swift */; };
		B546127B2782C65000C87339 /* SceneDelegate.swift in Sources */ = {isa = PBXBuildFile; fileRef = B546127A2782C65000C87339 /* SceneDelegate.swift */; };
		B54612822782C65100C87339 /* Assets.xcassets in Resources */ = {isa = PBXBuildFile; fileRef = B54612812782C65100C87339 /* Assets.xcassets */; };
		B54612852782C65100C87339 /* LaunchScreen.storyboard in Resources */ = {isa = PBXBuildFile; fileRef = B54612832782C65100C87339 /* LaunchScreen.storyboard */; };
		B54612942782E1C900C87339 /* AppFlowController.swift in Sources */ = {isa = PBXBuildFile; fileRef = B54612932782E1C900C87339 /* AppFlowController.swift */; };
		B54612982782F4F100C87339 /* UIViewController+CustomContainerMethods.swift in Sources */ = {isa = PBXBuildFile; fileRef = B54612972782F4F100C87339 /* UIViewController+CustomContainerMethods.swift */; };
		B546129B2782FE7300C87339 /* AuthFlowController.swift in Sources */ = {isa = PBXBuildFile; fileRef = B546129A2782FE7300C87339 /* AuthFlowController.swift */; };
		B546129D2782FE7A00C87339 /* MainFlowController.swift in Sources */ = {isa = PBXBuildFile; fileRef = B546129C2782FE7A00C87339 /* MainFlowController.swift */; };
		B546129F27832C6100C87339 /* SignInViewController.swift in Sources */ = {isa = PBXBuildFile; fileRef = B546129E27832C6100C87339 /* SignInViewController.swift */; };
		B54612A227833CC000C87339 /* SignInView.swift in Sources */ = {isa = PBXBuildFile; fileRef = B54612A127833CC000C87339 /* SignInView.swift */; };
		B54612A72783F17A00C87339 /* SignInViewModel.swift in Sources */ = {isa = PBXBuildFile; fileRef = B54612A62783F17A00C87339 /* SignInViewModel.swift */; };
		B54612A927840E9700C87339 /* AuthTextField.swift in Sources */ = {isa = PBXBuildFile; fileRef = B54612A827840E9700C87339 /* AuthTextField.swift */; };
		B54612AB27842EB800C87339 /* UIColor+CustomColors.swift in Sources */ = {isa = PBXBuildFile; fileRef = B54612AA27842EB800C87339 /* UIColor+CustomColors.swift */; };
		B54612AF2784496300C87339 /* UITextField+Publisher.swift in Sources */ = {isa = PBXBuildFile; fileRef = B54612AE2784496300C87339 /* UITextField+Publisher.swift */; };
		B54612B7278674EE00C87339 /* RegisterViewController.swift in Sources */ = {isa = PBXBuildFile; fileRef = B54612B6278674EE00C87339 /* RegisterViewController.swift */; };
		B54612B9278675B500C87339 /* RegisterView.swift in Sources */ = {isa = PBXBuildFile; fileRef = B54612B8278675B500C87339 /* RegisterView.swift */; };
		B54612BB278675BC00C87339 /* RegisterViewModel.swift in Sources */ = {isa = PBXBuildFile; fileRef = B54612BA278675BC00C87339 /* RegisterViewModel.swift */; };
		B54612C32787227A00C87339 /* PasswordTextField.swift in Sources */ = {isa = PBXBuildFile; fileRef = B54612C22787227A00C87339 /* PasswordTextField.swift */; };
		B54AC8CE27B24B9C00F3875C /* SearchCollectionView.swift in Sources */ = {isa = PBXBuildFile; fileRef = B54AC8CD27B24B9C00F3875C /* SearchCollectionView.swift */; };
		B54AC8D027B2637500F3875C /* ProfileViewController.swift in Sources */ = {isa = PBXBuildFile; fileRef = B54AC8CF27B2637500F3875C /* ProfileViewController.swift */; };
		B54C2D7527A049A800B447CC /* GrowableTextView.swift in Sources */ = {isa = PBXBuildFile; fileRef = B54C2D7427A049A800B447CC /* GrowableTextView.swift */; };
		B54D8F05278923A1008B805E /* HomeFlowController.swift in Sources */ = {isa = PBXBuildFile; fileRef = B54D8F04278923A1008B805E /* HomeFlowController.swift */; };
		B54D8F07278923B6008B805E /* SearchFlowController.swift in Sources */ = {isa = PBXBuildFile; fileRef = B54D8F06278923B6008B805E /* SearchFlowController.swift */; };
		B54D8F09278923C9008B805E /* NewPostFlowController.swift in Sources */ = {isa = PBXBuildFile; fileRef = B54D8F08278923C9008B805E /* NewPostFlowController.swift */; };
		B54D8F0B278923F0008B805E /* ChatFlowController.swift in Sources */ = {isa = PBXBuildFile; fileRef = B54D8F0A278923F0008B805E /* ChatFlowController.swift */; };
		B54D8F0D278923F9008B805E /* ProfileFlowController.swift in Sources */ = {isa = PBXBuildFile; fileRef = B54D8F0C278923F9008B805E /* ProfileFlowController.swift */; };
		B54D8F1427893601008B805E /* HomeViewController.swift in Sources */ = {isa = PBXBuildFile; fileRef = B54D8F1327893601008B805E /* HomeViewController.swift */; };
		B563B5A327950AA30012E9CB /* FeedCell.swift in Sources */ = {isa = PBXBuildFile; fileRef = B563B5A227950AA30012E9CB /* FeedCell.swift */; };
		B563B5A527952DA20012E9CB /* PostInteractionButton.swift in Sources */ = {isa = PBXBuildFile; fileRef = B563B5A427952DA20012E9CB /* PostInteractionButton.swift */; };
		B563B5A7279535000012E9CB /* UIImageView+FilledCircleFactory.swift in Sources */ = {isa = PBXBuildFile; fileRef = B563B5A6279535000012E9CB /* UIImageView+FilledCircleFactory.swift */; };
		B5D38E7927A3D263005E7108 /* KeyboardHandler.swift in Sources */ = {isa = PBXBuildFile; fileRef = B5D38E7827A3D263005E7108 /* KeyboardHandler.swift */; };
		B5D38E7B27A3E141005E7108 /* UIView+TapHandle.swift in Sources */ = {isa = PBXBuildFile; fileRef = B5D38E7A27A3E141005E7108 /* UIView+TapHandle.swift */; };
		B5EAF1572787E037004C429E /* FNavigationController.swift in Sources */ = {isa = PBXBuildFile; fileRef = B5EAF1562787E037004C429E /* FNavigationController.swift */; };
		B5EAF1592787E7DE004C429E /* UIButton+ColorTransformerOnTapFactory.swift in Sources */ = {isa = PBXBuildFile; fileRef = B5EAF1582787E7DE004C429E /* UIButton+ColorTransformerOnTapFactory.swift */; };
		B5EAF15B2787E99B004C429E /* AuthNavigationButton.swift in Sources */ = {isa = PBXBuildFile; fileRef = B5EAF15A2787E99B004C429E /* AuthNavigationButton.swift */; };
		B5EAF15D278821C7004C429E /* AuthButton.swift in Sources */ = {isa = PBXBuildFile; fileRef = B5EAF15C278821C7004C429E /* AuthButton.swift */; };
		B5EAF15F27882438004C429E /* AuthView.swift in Sources */ = {isa = PBXBuildFile; fileRef = B5EAF15E27882438004C429E /* AuthView.swift */; };
/* End PBXBuildFile section */

/* Begin PBXFileReference section */
		B507A7C927959E3F00E8840D /* PostImageView.swift */ = {isa = PBXFileReference; lastKnownFileType = sourcecode.swift; path = PostImageView.swift; sourceTree = "<group>"; };
		B507A7CB2797EE8300E8840D /* Story.swift */ = {isa = PBXFileReference; lastKnownFileType = sourcecode.swift; path = Story.swift; sourceTree = "<group>"; };
		B507A7CD27983ECE00E8840D /* PostViewController.swift */ = {isa = PBXFileReference; lastKnownFileType = sourcecode.swift; path = PostViewController.swift; sourceTree = "<group>"; };
		B507A7CF2798FBE200E8840D /* PostCollectionView.swift */ = {isa = PBXFileReference; lastKnownFileType = sourcecode.swift; path = PostCollectionView.swift; sourceTree = "<group>"; };
		B507A7D12798FCC000E8840D /* CommentCell.swift */ = {isa = PBXFileReference; lastKnownFileType = sourcecode.swift; path = CommentCell.swift; sourceTree = "<group>"; };
		B507A7D4279912CB00E8840D /* AddCommentView.swift */ = {isa = PBXFileReference; lastKnownFileType = sourcecode.swift; path = AddCommentView.swift; sourceTree = "<group>"; };
		B52DAEBF278D23560002D930 /* SearchViewController.swift */ = {isa = PBXFileReference; lastKnownFileType = sourcecode.swift; path = SearchViewController.swift; sourceTree = "<group>"; };
		B52DAEC3278DD3470002D930 /* ThumbnailCell.swift */ = {isa = PBXFileReference; lastKnownFileType = sourcecode.swift; path = ThumbnailCell.swift; sourceTree = "<group>"; };
		B52DAEC5278E53D10002D930 /* ImageItem.swift */ = {isa = PBXFileReference; lastKnownFileType = sourcecode.swift; path = ImageItem.swift; sourceTree = "<group>"; };
		B52DAEC7278E7A990002D930 /* SearchViewModel.swift */ = {isa = PBXFileReference; lastKnownFileType = sourcecode.swift; path = SearchViewModel.swift; sourceTree = "<group>"; };
		B52DAEC9278E99A70002D930 /* Post.swift */ = {isa = PBXFileReference; lastKnownFileType = sourcecode.swift; path = Post.swift; sourceTree = "<group>"; };
		B53F2EF8278EBDE90038B2C3 /* User.swift */ = {isa = PBXFileReference; lastKnownFileType = sourcecode.swift; path = User.swift; sourceTree = "<group>"; };
		B53F2EFA278ECBE00038B2C3 /* Comment.swift */ = {isa = PBXFileReference; lastKnownFileType = sourcecode.swift; path = Comment.swift; sourceTree = "<group>"; };
		B53F2EFC278ED4D80038B2C3 /* GoogleService-Info.plist */ = {isa = PBXFileReference; fileEncoding = 4; lastKnownFileType = text.plist.xml; path = "GoogleService-Info.plist"; sourceTree = "<group>"; };
		B53F2F0627910AA40038B2C3 /* HomeCollectionView.swift */ = {isa = PBXFileReference; lastKnownFileType = sourcecode.swift; path = HomeCollectionView.swift; sourceTree = "<group>"; };
		B53F2F0A279160020038B2C3 /* StoryCell.swift */ = {isa = PBXFileReference; lastKnownFileType = sourcecode.swift; path = StoryCell.swift; sourceTree = "<group>"; };
		B53F2F0D279163EF0038B2C3 /* Storybook.swift */ = {isa = PBXFileReference; lastKnownFileType = sourcecode.swift; path = Storybook.swift; sourceTree = "<group>"; };
		B54612752782C65000C87339 /* Flow.app */ = {isa = PBXFileReference; explicitFileType = wrapper.application; includeInIndex = 0; path = Flow.app; sourceTree = BUILT_PRODUCTS_DIR; };
		B54612782782C65000C87339 /* AppDelegate.swift */ = {isa = PBXFileReference; lastKnownFileType = sourcecode.swift; path = AppDelegate.swift; sourceTree = "<group>"; };
		B546127A2782C65000C87339 /* SceneDelegate.swift */ = {isa = PBXFileReference; lastKnownFileType = sourcecode.swift; path = SceneDelegate.swift; sourceTree = "<group>"; };
		B54612812782C65100C87339 /* Assets.xcassets */ = {isa = PBXFileReference; lastKnownFileType = folder.assetcatalog; path = Assets.xcassets; sourceTree = "<group>"; };
		B54612842782C65100C87339 /* Base */ = {isa = PBXFileReference; lastKnownFileType = file.storyboard; name = Base; path = Base.lproj/LaunchScreen.storyboard; sourceTree = "<group>"; };
		B54612862782C65100C87339 /* Info.plist */ = {isa = PBXFileReference; lastKnownFileType = text.plist.xml; path = Info.plist; sourceTree = "<group>"; };
		B54612932782E1C900C87339 /* AppFlowController.swift */ = {isa = PBXFileReference; lastKnownFileType = sourcecode.swift; path = AppFlowController.swift; sourceTree = "<group>"; };
		B54612972782F4F100C87339 /* UIViewController+CustomContainerMethods.swift */ = {isa = PBXFileReference; lastKnownFileType = sourcecode.swift; path = "UIViewController+CustomContainerMethods.swift"; sourceTree = "<group>"; };
		B546129A2782FE7300C87339 /* AuthFlowController.swift */ = {isa = PBXFileReference; lastKnownFileType = sourcecode.swift; path = AuthFlowController.swift; sourceTree = "<group>"; };
		B546129C2782FE7A00C87339 /* MainFlowController.swift */ = {isa = PBXFileReference; lastKnownFileType = sourcecode.swift; path = MainFlowController.swift; sourceTree = "<group>"; };
		B546129E27832C6100C87339 /* SignInViewController.swift */ = {isa = PBXFileReference; lastKnownFileType = sourcecode.swift; path = SignInViewController.swift; sourceTree = "<group>"; };
		B54612A127833CC000C87339 /* SignInView.swift */ = {isa = PBXFileReference; lastKnownFileType = sourcecode.swift; path = SignInView.swift; sourceTree = "<group>"; };
		B54612A62783F17A00C87339 /* SignInViewModel.swift */ = {isa = PBXFileReference; lastKnownFileType = sourcecode.swift; path = SignInViewModel.swift; sourceTree = "<group>"; };
		B54612A827840E9700C87339 /* AuthTextField.swift */ = {isa = PBXFileReference; lastKnownFileType = sourcecode.swift; path = AuthTextField.swift; sourceTree = "<group>"; };
		B54612AA27842EB800C87339 /* UIColor+CustomColors.swift */ = {isa = PBXFileReference; lastKnownFileType = sourcecode.swift; path = "UIColor+CustomColors.swift"; sourceTree = "<group>"; };
		B54612AE2784496300C87339 /* UITextField+Publisher.swift */ = {isa = PBXFileReference; lastKnownFileType = sourcecode.swift; path = "UITextField+Publisher.swift"; sourceTree = "<group>"; };
		B54612B6278674EE00C87339 /* RegisterViewController.swift */ = {isa = PBXFileReference; lastKnownFileType = sourcecode.swift; path = RegisterViewController.swift; sourceTree = "<group>"; };
		B54612B8278675B500C87339 /* RegisterView.swift */ = {isa = PBXFileReference; lastKnownFileType = sourcecode.swift; path = RegisterView.swift; sourceTree = "<group>"; };
		B54612BA278675BC00C87339 /* RegisterViewModel.swift */ = {isa = PBXFileReference; lastKnownFileType = sourcecode.swift; path = RegisterViewModel.swift; sourceTree = "<group>"; };
		B54612C22787227A00C87339 /* PasswordTextField.swift */ = {isa = PBXFileReference; lastKnownFileType = sourcecode.swift; path = PasswordTextField.swift; sourceTree = "<group>"; };
		B54AC8CD27B24B9C00F3875C /* SearchCollectionView.swift */ = {isa = PBXFileReference; lastKnownFileType = sourcecode.swift; path = SearchCollectionView.swift; sourceTree = "<group>"; };
		B54AC8CF27B2637500F3875C /* ProfileViewController.swift */ = {isa = PBXFileReference; lastKnownFileType = sourcecode.swift; path = ProfileViewController.swift; sourceTree = "<group>"; };
		B54C2D7427A049A800B447CC /* GrowableTextView.swift */ = {isa = PBXFileReference; lastKnownFileType = sourcecode.swift; path = GrowableTextView.swift; sourceTree = "<group>"; };
		B54D8F04278923A1008B805E /* HomeFlowController.swift */ = {isa = PBXFileReference; lastKnownFileType = sourcecode.swift; path = HomeFlowController.swift; sourceTree = "<group>"; };
		B54D8F06278923B6008B805E /* SearchFlowController.swift */ = {isa = PBXFileReference; lastKnownFileType = sourcecode.swift; path = SearchFlowController.swift; sourceTree = "<group>"; };
		B54D8F08278923C9008B805E /* NewPostFlowController.swift */ = {isa = PBXFileReference; lastKnownFileType = sourcecode.swift; path = NewPostFlowController.swift; sourceTree = "<group>"; };
		B54D8F0A278923F0008B805E /* ChatFlowController.swift */ = {isa = PBXFileReference; lastKnownFileType = sourcecode.swift; path = ChatFlowController.swift; sourceTree = "<group>"; };
		B54D8F0C278923F9008B805E /* ProfileFlowController.swift */ = {isa = PBXFileReference; lastKnownFileType = sourcecode.swift; path = ProfileFlowController.swift; sourceTree = "<group>"; };
		B54D8F1327893601008B805E /* HomeViewController.swift */ = {isa = PBXFileReference; lastKnownFileType = sourcecode.swift; path = HomeViewController.swift; sourceTree = "<group>"; };
		B563B5A227950AA30012E9CB /* FeedCell.swift */ = {isa = PBXFileReference; lastKnownFileType = sourcecode.swift; path = FeedCell.swift; sourceTree = "<group>"; };
		B563B5A427952DA20012E9CB /* PostInteractionButton.swift */ = {isa = PBXFileReference; lastKnownFileType = sourcecode.swift; path = PostInteractionButton.swift; sourceTree = "<group>"; };
		B563B5A6279535000012E9CB /* UIImageView+FilledCircleFactory.swift */ = {isa = PBXFileReference; lastKnownFileType = sourcecode.swift; path = "UIImageView+FilledCircleFactory.swift"; sourceTree = "<group>"; };
		B5D38E7827A3D263005E7108 /* KeyboardHandler.swift */ = {isa = PBXFileReference; lastKnownFileType = sourcecode.swift; path = KeyboardHandler.swift; sourceTree = "<group>"; };
		B5D38E7A27A3E141005E7108 /* UIView+TapHandle.swift */ = {isa = PBXFileReference; lastKnownFileType = sourcecode.swift; path = "UIView+TapHandle.swift"; sourceTree = "<group>"; };
		B5EAF1562787E037004C429E /* FNavigationController.swift */ = {isa = PBXFileReference; lastKnownFileType = sourcecode.swift; path = FNavigationController.swift; sourceTree = "<group>"; };
		B5EAF1582787E7DE004C429E /* UIButton+ColorTransformerOnTapFactory.swift */ = {isa = PBXFileReference; lastKnownFileType = sourcecode.swift; path = "UIButton+ColorTransformerOnTapFactory.swift"; sourceTree = "<group>"; };
		B5EAF15A2787E99B004C429E /* AuthNavigationButton.swift */ = {isa = PBXFileReference; lastKnownFileType = sourcecode.swift; path = AuthNavigationButton.swift; sourceTree = "<group>"; };
		B5EAF15C278821C7004C429E /* AuthButton.swift */ = {isa = PBXFileReference; lastKnownFileType = sourcecode.swift; path = AuthButton.swift; sourceTree = "<group>"; };
		B5EAF15E27882438004C429E /* AuthView.swift */ = {isa = PBXFileReference; lastKnownFileType = sourcecode.swift; path = AuthView.swift; sourceTree = "<group>"; };
/* End PBXFileReference section */

/* Begin PBXFrameworksBuildPhase section */
		B54612722782C65000C87339 /* Frameworks */ = {
			isa = PBXFrameworksBuildPhase;
			buildActionMask = 2147483647;
			files = (
			);
			runOnlyForDeploymentPostprocessing = 0;
		};
/* End PBXFrameworksBuildPhase section */

/* Begin PBXGroup section */
		B507A7D32798FCD500E8840D /* Post with Comments */ = {
			isa = PBXGroup;
			children = (
				B507A7CD27983ECE00E8840D /* PostViewController.swift */,
				B507A7CF2798FBE200E8840D /* PostCollectionView.swift */,
				B507A7D12798FCC000E8840D /* CommentCell.swift */,
				B507A7D4279912CB00E8840D /* AddCommentView.swift */,
			);
			path = "Post with Comments";
			sourceTree = "<group>";
		};
		B52DAECB278E9C9F0002D930 /* Reusable */ = {
			isa = PBXGroup;
			children = (
				B507A7D32798FCD500E8840D /* Post with Comments */,
				B53F2F0C2791600E0038B2C3 /* UI Components */,
				B52DAECD278E9CF00002D930 /* Models */,
			);
			path = Reusable;
			sourceTree = "<group>";
		};
		B52DAECC278E9CBA0002D930 /* UI Components */ = {
			isa = PBXGroup;
			children = (
				B54612A827840E9700C87339 /* AuthTextField.swift */,
				B54612C22787227A00C87339 /* PasswordTextField.swift */,
				B5EAF15A2787E99B004C429E /* AuthNavigationButton.swift */,
				B5EAF15C278821C7004C429E /* AuthButton.swift */,
			);
			path = "UI Components";
			sourceTree = "<group>";
		};
		B52DAECD278E9CF00002D930 /* Models */ = {
			isa = PBXGroup;
			children = (
				B52DAEC5278E53D10002D930 /* ImageItem.swift */,
				B53F2F0D279163EF0038B2C3 /* Storybook.swift */,
				B507A7CB2797EE8300E8840D /* Story.swift */,
				B52DAEC9278E99A70002D930 /* Post.swift */,
				B53F2EFA278ECBE00038B2C3 /* Comment.swift */,
			);
			path = Models;
			sourceTree = "<group>";
		};
		B53F2F0C2791600E0038B2C3 /* UI Components */ = {
			isa = PBXGroup;
			children = (
				B53F2F0A279160020038B2C3 /* StoryCell.swift */,
				B52DAEC3278DD3470002D930 /* ThumbnailCell.swift */,
				B563B5A227950AA30012E9CB /* FeedCell.swift */,
				B563B5A427952DA20012E9CB /* PostInteractionButton.swift */,
				B507A7C927959E3F00E8840D /* PostImageView.swift */,
				B54C2D7427A049A800B447CC /* GrowableTextView.swift */,
			);
			path = "UI Components";
			sourceTree = "<group>";
		};
		B546126C2782C65000C87339 = {
			isa = PBXGroup;
			children = (
				B54612772782C65000C87339 /* Flow */,
				B54612762782C65000C87339 /* Products */,
			);
			sourceTree = "<group>";
		};
		B54612762782C65000C87339 /* Products */ = {
			isa = PBXGroup;
			children = (
				B54612752782C65000C87339 /* Flow.app */,
			);
			name = Products;
			sourceTree = "<group>";
		};
		B54612772782C65000C87339 /* Flow */ = {
			isa = PBXGroup;
			children = (
				B54612A52783F09200C87339 /* Application */,
				B54612A027832C6F00C87339 /* Authentication */,
				B54612AD278434BA00C87339 /* Main */,
				B54612992782F67D00C87339 /* Extensions */,
				B5CEF3FB278BDC2B004E5783 /* Shared */,
				B54612812782C65100C87339 /* Assets.xcassets */,
				B54612832782C65100C87339 /* LaunchScreen.storyboard */,
				B54612862782C65100C87339 /* Info.plist */,
				B53F2EFC278ED4D80038B2C3 /* GoogleService-Info.plist */,
			);
			path = Flow;
			sourceTree = "<group>";
		};
		B54612992782F67D00C87339 /* Extensions */ = {
			isa = PBXGroup;
			children = (
				B54612972782F4F100C87339 /* UIViewController+CustomContainerMethods.swift */,
				B54612AE2784496300C87339 /* UITextField+Publisher.swift */,
				B54612AA27842EB800C87339 /* UIColor+CustomColors.swift */,
				B5EAF1582787E7DE004C429E /* UIButton+ColorTransformerOnTapFactory.swift */,
				B563B5A6279535000012E9CB /* UIImageView+FilledCircleFactory.swift */,
				B5D38E7A27A3E141005E7108 /* UIView+TapHandle.swift */,
			);
			path = Extensions;
			sourceTree = "<group>";
		};
		B54612A027832C6F00C87339 /* Authentication */ = {
			isa = PBXGroup;
			children = (
				B546129A2782FE7300C87339 /* AuthFlowController.swift */,
				B54612C1278676EA00C87339 /* SignIn */,
				B54612C0278676DB00C87339 /* Register */,
				B54612BC278675C900C87339 /* Reusable */,
			);
			path = Authentication;
			sourceTree = "<group>";
		};
		B54612A52783F09200C87339 /* Application */ = {
			isa = PBXGroup;
			children = (
				B54612782782C65000C87339 /* AppDelegate.swift */,
				B546127A2782C65000C87339 /* SceneDelegate.swift */,
				B54612932782E1C900C87339 /* AppFlowController.swift */,
			);
			path = Application;
			sourceTree = "<group>";
		};
		B54612AD278434BA00C87339 /* Main */ = {
			isa = PBXGroup;
			children = (
				B546129C2782FE7A00C87339 /* MainFlowController.swift */,
				B54D8F0E278924A8008B805E /* Home */,
				B54D8F0F278924AD008B805E /* Search */,
				B54D8F10278924B1008B805E /* New Post */,
				B54D8F11278924B5008B805E /* Chat */,
				B54D8F122789268E008B805E /* Profile */,
				B52DAECB278E9C9F0002D930 /* Reusable */,
			);
			path = Main;
			sourceTree = "<group>";
		};
		B54612BC278675C900C87339 /* Reusable */ = {
			isa = PBXGroup;
			children = (
				B5EAF15E27882438004C429E /* AuthView.swift */,
				B52DAECC278E9CBA0002D930 /* UI Components */,
			);
			path = Reusable;
			sourceTree = "<group>";
		};
		B54612C0278676DB00C87339 /* Register */ = {
			isa = PBXGroup;
			children = (
				B54612B6278674EE00C87339 /* RegisterViewController.swift */,
				B54612B8278675B500C87339 /* RegisterView.swift */,
				B54612BA278675BC00C87339 /* RegisterViewModel.swift */,
			);
			path = Register;
			sourceTree = "<group>";
		};
		B54612C1278676EA00C87339 /* SignIn */ = {
			isa = PBXGroup;
			children = (
				B546129E27832C6100C87339 /* SignInViewController.swift */,
				B54612A127833CC000C87339 /* SignInView.swift */,
				B54612A62783F17A00C87339 /* SignInViewModel.swift */,
			);
			path = SignIn;
			sourceTree = "<group>";
		};
		B54D8F0E278924A8008B805E /* Home */ = {
			isa = PBXGroup;
			children = (
				B54D8F04278923A1008B805E /* HomeFlowController.swift */,
				B54D8F1327893601008B805E /* HomeViewController.swift */,
				B53F2F0627910AA40038B2C3 /* HomeCollectionView.swift */,
			);
			path = Home;
			sourceTree = "<group>";
		};
		B54D8F0F278924AD008B805E /* Search */ = {
			isa = PBXGroup;
			children = (
				B54D8F06278923B6008B805E /* SearchFlowController.swift */,
				B52DAEBF278D23560002D930 /* SearchViewController.swift */,
				B52DAEC7278E7A990002D930 /* SearchViewModel.swift */,
				B54AC8CD27B24B9C00F3875C /* SearchCollectionView.swift */,
			);
			path = Search;
			sourceTree = "<group>";
		};
		B54D8F10278924B1008B805E /* New Post */ = {
			isa = PBXGroup;
			children = (
				B54D8F08278923C9008B805E /* NewPostFlowController.swift */,
			);
			path = "New Post";
			sourceTree = "<group>";
		};
		B54D8F11278924B5008B805E /* Chat */ = {
			isa = PBXGroup;
			children = (
				B54D8F0A278923F0008B805E /* ChatFlowController.swift */,
			);
			path = Chat;
			sourceTree = "<group>";
		};
		B54D8F122789268E008B805E /* Profile */ = {
			isa = PBXGroup;
			children = (
				B54D8F0C278923F9008B805E /* ProfileFlowController.swift */,
				B54AC8CF27B2637500F3875C /* ProfileViewController.swift */,
			);
			path = Profile;
			sourceTree = "<group>";
		};
		B5CEF3FB278BDC2B004E5783 /* Shared */ = {
			isa = PBXGroup;
			children = (
				B5EAF1562787E037004C429E /* FNavigationController.swift */,
				B53F2EF8278EBDE90038B2C3 /* User.swift */,
				B5D38E7827A3D263005E7108 /* KeyboardHandler.swift */,
			);
			path = Shared;
			sourceTree = "<group>";
		};
/* End PBXGroup section */

/* Begin PBXNativeTarget section */
		B54612742782C65000C87339 /* Flow */ = {
			isa = PBXNativeTarget;
			buildConfigurationList = B54612892782C65100C87339 /* Build configuration list for PBXNativeTarget "Flow" */;
			buildPhases = (
				B54612712782C65000C87339 /* Sources */,
				B54612722782C65000C87339 /* Frameworks */,
				B54612732782C65000C87339 /* Resources */,
				B546128C2782C6F600C87339 /* ShellScript */,
			);
			buildRules = (
			);
			dependencies = (
			);
			name = Flow;
			packageProductDependencies = (
			);
			productName = Flow;
			productReference = B54612752782C65000C87339 /* Flow.app */;
			productType = "com.apple.product-type.application";
		};
/* End PBXNativeTarget section */

/* Begin PBXProject section */
		B546126D2782C65000C87339 /* Project object */ = {
			isa = PBXProject;
			attributes = {
				BuildIndependentTargetsInParallel = 1;
				LastSwiftUpdateCheck = 1320;
				LastUpgradeCheck = 1320;
				TargetAttributes = {
					B54612742782C65000C87339 = {
						CreatedOnToolsVersion = 13.2.1;
					};
				};
			};
			buildConfigurationList = B54612702782C65000C87339 /* Build configuration list for PBXProject "Flow" */;
			compatibilityVersion = "Xcode 13.0";
			developmentRegion = en;
			hasScannedForEncodings = 0;
			knownRegions = (
				en,
				Base,
			);
			mainGroup = B546126C2782C65000C87339;
			packageReferences = (
			);
			productRefGroup = B54612762782C65000C87339 /* Products */;
			projectDirPath = "";
			projectRoot = "";
			targets = (
				B54612742782C65000C87339 /* Flow */,
			);
		};
/* End PBXProject section */

/* Begin PBXResourcesBuildPhase section */
		B54612732782C65000C87339 /* Resources */ = {
			isa = PBXResourcesBuildPhase;
			buildActionMask = 2147483647;
			files = (
				B54612852782C65100C87339 /* LaunchScreen.storyboard in Resources */,
				B54612822782C65100C87339 /* Assets.xcassets in Resources */,
				B53F2EFD278ED4D80038B2C3 /* GoogleService-Info.plist in Resources */,
			);
			runOnlyForDeploymentPostprocessing = 0;
		};
/* End PBXResourcesBuildPhase section */

/* Begin PBXShellScriptBuildPhase section */
		B546128C2782C6F600C87339 /* ShellScript */ = {
			isa = PBXShellScriptBuildPhase;
			buildActionMask = 2147483647;
			files = (
			);
			inputFileListPaths = (
			);
			inputPaths = (
			);
			outputFileListPaths = (
			);
			outputPaths = (
			);
			runOnlyForDeploymentPostprocessing = 0;
			shellPath = /bin/sh;
			shellScript = "if which swiftlint >/dev/null; then\n  swiftlint --no-cache\nelse\n  echo \"warning: SwiftLint not installed, download from https://github.com/realm/SwiftLint\"\nfi\n";
		};
/* End PBXShellScriptBuildPhase section */

/* Begin PBXSourcesBuildPhase section */
		B54612712782C65000C87339 /* Sources */ = {
			isa = PBXSourcesBuildPhase;
			buildActionMask = 2147483647;
			files = (
				B53F2F0E279163EF0038B2C3 /* Storybook.swift in Sources */,
				B54D8F05278923A1008B805E /* HomeFlowController.swift in Sources */,
				B546129D2782FE7A00C87339 /* MainFlowController.swift in Sources */,
				B54D8F0B278923F0008B805E /* ChatFlowController.swift in Sources */,
				B54C2D7527A049A800B447CC /* GrowableTextView.swift in Sources */,
				B5EAF15D278821C7004C429E /* AuthButton.swift in Sources */,
				B507A7D22798FCC000E8840D /* CommentCell.swift in Sources */,
				B5EAF15B2787E99B004C429E /* AuthNavigationButton.swift in Sources */,
				B53F2EFB278ECBE00038B2C3 /* Comment.swift in Sources */,
				B54612A927840E9700C87339 /* AuthTextField.swift in Sources */,
				B54612AB27842EB800C87339 /* UIColor+CustomColors.swift in Sources */,
				B54612792782C65000C87339 /* AppDelegate.swift in Sources */,
				B507A7CE27983ECE00E8840D /* PostViewController.swift in Sources */,
				B546129B2782FE7300C87339 /* AuthFlowController.swift in Sources */,
				B546127B2782C65000C87339 /* SceneDelegate.swift in Sources */,
				B54612AF2784496300C87339 /* UITextField+Publisher.swift in Sources */,
				B563B5A327950AA30012E9CB /* FeedCell.swift in Sources */,
				B52DAECA278E99A70002D930 /* Post.swift in Sources */,
				B54612BB278675BC00C87339 /* RegisterViewModel.swift in Sources */,
				B54612982782F4F100C87339 /* UIViewController+CustomContainerMethods.swift in Sources */,
				B54612A72783F17A00C87339 /* SignInViewModel.swift in Sources */,
				B54D8F1427893601008B805E /* HomeViewController.swift in Sources */,
				B52DAEC4278DD3470002D930 /* ThumbnailCell.swift in Sources */,
				B54612942782E1C900C87339 /* AppFlowController.swift in Sources */,
				B54AC8D027B2637500F3875C /* ProfileViewController.swift in Sources */,
				B5D38E7B27A3E141005E7108 /* UIView+TapHandle.swift in Sources */,
				B54612B9278675B500C87339 /* RegisterView.swift in Sources */,
				B507A7D5279912CB00E8840D /* AddCommentView.swift in Sources */,
				B5EAF15F27882438004C429E /* AuthView.swift in Sources */,
				B54612A227833CC000C87339 /* SignInView.swift in Sources */,
				B53F2F0727910AA40038B2C3 /* HomeCollectionView.swift in Sources */,
				B5EAF1592787E7DE004C429E /* UIButton+ColorTransformerOnTapFactory.swift in Sources */,
				B54D8F0D278923F9008B805E /* ProfileFlowController.swift in Sources */,
				B507A7D02798FBE200E8840D /* PostCollectionView.swift in Sources */,
				B54612B7278674EE00C87339 /* RegisterViewController.swift in Sources */,
				B52DAEC0278D23560002D930 /* SearchViewController.swift in Sources */,
				B563B5A7279535000012E9CB /* UIImageView+FilledCircleFactory.swift in Sources */,
				B563B5A527952DA20012E9CB /* PostInteractionButton.swift in Sources */,
				B52DAEC8278E7A990002D930 /* SearchViewModel.swift in Sources */,
				B52DAEC6278E53D10002D930 /* ImageItem.swift in Sources */,
				B54612C32787227A00C87339 /* PasswordTextField.swift in Sources */,
				B5EAF1572787E037004C429E /* FNavigationController.swift in Sources */,
				B53F2F0B279160020038B2C3 /* StoryCell.swift in Sources */,
				B54AC8CE27B24B9C00F3875C /* SearchCollectionView.swift in Sources */,
				B54D8F09278923C9008B805E /* NewPostFlowController.swift in Sources */,
				B54D8F07278923B6008B805E /* SearchFlowController.swift in Sources */,
				B507A7CA27959E3F00E8840D /* PostImageView.swift in Sources */,
				B507A7CC2797EE8300E8840D /* Story.swift in Sources */,
				B546129F27832C6100C87339 /* SignInViewController.swift in Sources */,
				B5D38E7927A3D263005E7108 /* KeyboardHandler.swift in Sources */,
				B53F2EF9278EBDE90038B2C3 /* User.swift in Sources */,
			);
			runOnlyForDeploymentPostprocessing = 0;
		};
/* End PBXSourcesBuildPhase section */

/* Begin PBXVariantGroup section */
		B54612832782C65100C87339 /* LaunchScreen.storyboard */ = {
			isa = PBXVariantGroup;
			children = (
				B54612842782C65100C87339 /* Base */,
			);
			name = LaunchScreen.storyboard;
			sourceTree = "<group>";
		};
/* End PBXVariantGroup section */

/* Begin XCBuildConfiguration section */
		B54612872782C65100C87339 /* Debug */ = {
			isa = XCBuildConfiguration;
			buildSettings = {
				ALWAYS_SEARCH_USER_PATHS = NO;
				CLANG_ANALYZER_NONNULL = YES;
				CLANG_ANALYZER_NUMBER_OBJECT_CONVERSION = YES_AGGRESSIVE;
				CLANG_CXX_LANGUAGE_STANDARD = "gnu++17";
				CLANG_CXX_LIBRARY = "libc++";
				CLANG_ENABLE_MODULES = YES;
				CLANG_ENABLE_OBJC_ARC = YES;
				CLANG_ENABLE_OBJC_WEAK = YES;
				CLANG_WARN_BLOCK_CAPTURE_AUTORELEASING = YES;
				CLANG_WARN_BOOL_CONVERSION = YES;
				CLANG_WARN_COMMA = YES;
				CLANG_WARN_CONSTANT_CONVERSION = YES;
				CLANG_WARN_DEPRECATED_OBJC_IMPLEMENTATIONS = YES;
				CLANG_WARN_DIRECT_OBJC_ISA_USAGE = YES_ERROR;
				CLANG_WARN_DOCUMENTATION_COMMENTS = YES;
				CLANG_WARN_EMPTY_BODY = YES;
				CLANG_WARN_ENUM_CONVERSION = YES;
				CLANG_WARN_INFINITE_RECURSION = YES;
				CLANG_WARN_INT_CONVERSION = YES;
				CLANG_WARN_NON_LITERAL_NULL_CONVERSION = YES;
				CLANG_WARN_OBJC_IMPLICIT_RETAIN_SELF = YES;
				CLANG_WARN_OBJC_LITERAL_CONVERSION = YES;
				CLANG_WARN_OBJC_ROOT_CLASS = YES_ERROR;
				CLANG_WARN_QUOTED_INCLUDE_IN_FRAMEWORK_HEADER = YES;
				CLANG_WARN_RANGE_LOOP_ANALYSIS = YES;
				CLANG_WARN_STRICT_PROTOTYPES = YES;
				CLANG_WARN_SUSPICIOUS_MOVE = YES;
				CLANG_WARN_UNGUARDED_AVAILABILITY = YES_AGGRESSIVE;
				CLANG_WARN_UNREACHABLE_CODE = YES;
				CLANG_WARN__DUPLICATE_METHOD_MATCH = YES;
				COPY_PHASE_STRIP = NO;
				DEBUG_INFORMATION_FORMAT = dwarf;
				ENABLE_STRICT_OBJC_MSGSEND = YES;
				ENABLE_TESTABILITY = YES;
				GCC_C_LANGUAGE_STANDARD = gnu11;
				GCC_DYNAMIC_NO_PIC = NO;
				GCC_NO_COMMON_BLOCKS = YES;
				GCC_OPTIMIZATION_LEVEL = 0;
				GCC_PREPROCESSOR_DEFINITIONS = (
					"DEBUG=1",
					"$(inherited)",
				);
				GCC_WARN_64_TO_32_BIT_CONVERSION = YES;
				GCC_WARN_ABOUT_RETURN_TYPE = YES_ERROR;
				GCC_WARN_UNDECLARED_SELECTOR = YES;
				GCC_WARN_UNINITIALIZED_AUTOS = YES_AGGRESSIVE;
				GCC_WARN_UNUSED_FUNCTION = YES;
				GCC_WARN_UNUSED_VARIABLE = YES;
				IPHONEOS_DEPLOYMENT_TARGET = 15.2;
				MTL_ENABLE_DEBUG_INFO = INCLUDE_SOURCE;
				MTL_FAST_MATH = YES;
				ONLY_ACTIVE_ARCH = YES;
				SDKROOT = iphoneos;
				SWIFT_ACTIVE_COMPILATION_CONDITIONS = DEBUG;
				SWIFT_OPTIMIZATION_LEVEL = "-Onone";
			};
			name = Debug;
		};
		B54612882782C65100C87339 /* Release */ = {
			isa = XCBuildConfiguration;
			buildSettings = {
				ALWAYS_SEARCH_USER_PATHS = NO;
				CLANG_ANALYZER_NONNULL = YES;
				CLANG_ANALYZER_NUMBER_OBJECT_CONVERSION = YES_AGGRESSIVE;
				CLANG_CXX_LANGUAGE_STANDARD = "gnu++17";
				CLANG_CXX_LIBRARY = "libc++";
				CLANG_ENABLE_MODULES = YES;
				CLANG_ENABLE_OBJC_ARC = YES;
				CLANG_ENABLE_OBJC_WEAK = YES;
				CLANG_WARN_BLOCK_CAPTURE_AUTORELEASING = YES;
				CLANG_WARN_BOOL_CONVERSION = YES;
				CLANG_WARN_COMMA = YES;
				CLANG_WARN_CONSTANT_CONVERSION = YES;
				CLANG_WARN_DEPRECATED_OBJC_IMPLEMENTATIONS = YES;
				CLANG_WARN_DIRECT_OBJC_ISA_USAGE = YES_ERROR;
				CLANG_WARN_DOCUMENTATION_COMMENTS = YES;
				CLANG_WARN_EMPTY_BODY = YES;
				CLANG_WARN_ENUM_CONVERSION = YES;
				CLANG_WARN_INFINITE_RECURSION = YES;
				CLANG_WARN_INT_CONVERSION = YES;
				CLANG_WARN_NON_LITERAL_NULL_CONVERSION = YES;
				CLANG_WARN_OBJC_IMPLICIT_RETAIN_SELF = YES;
				CLANG_WARN_OBJC_LITERAL_CONVERSION = YES;
				CLANG_WARN_OBJC_ROOT_CLASS = YES_ERROR;
				CLANG_WARN_QUOTED_INCLUDE_IN_FRAMEWORK_HEADER = YES;
				CLANG_WARN_RANGE_LOOP_ANALYSIS = YES;
				CLANG_WARN_STRICT_PROTOTYPES = YES;
				CLANG_WARN_SUSPICIOUS_MOVE = YES;
				CLANG_WARN_UNGUARDED_AVAILABILITY = YES_AGGRESSIVE;
				CLANG_WARN_UNREACHABLE_CODE = YES;
				CLANG_WARN__DUPLICATE_METHOD_MATCH = YES;
				COPY_PHASE_STRIP = NO;
				DEBUG_INFORMATION_FORMAT = "dwarf-with-dsym";
				ENABLE_NS_ASSERTIONS = NO;
				ENABLE_STRICT_OBJC_MSGSEND = YES;
				GCC_C_LANGUAGE_STANDARD = gnu11;
				GCC_NO_COMMON_BLOCKS = YES;
				GCC_WARN_64_TO_32_BIT_CONVERSION = YES;
				GCC_WARN_ABOUT_RETURN_TYPE = YES_ERROR;
				GCC_WARN_UNDECLARED_SELECTOR = YES;
				GCC_WARN_UNINITIALIZED_AUTOS = YES_AGGRESSIVE;
				GCC_WARN_UNUSED_FUNCTION = YES;
				GCC_WARN_UNUSED_VARIABLE = YES;
				IPHONEOS_DEPLOYMENT_TARGET = 15.2;
				MTL_ENABLE_DEBUG_INFO = NO;
				MTL_FAST_MATH = YES;
				SDKROOT = iphoneos;
				SWIFT_COMPILATION_MODE = wholemodule;
				SWIFT_OPTIMIZATION_LEVEL = "-O";
				VALIDATE_PRODUCT = YES;
			};
			name = Release;
		};
		B546128A2782C65100C87339 /* Debug */ = {
			isa = XCBuildConfiguration;
			buildSettings = {
				ASSETCATALOG_COMPILER_APPICON_NAME = AppIcon;
				ASSETCATALOG_COMPILER_GLOBAL_ACCENT_COLOR_NAME = AccentColor;
				CODE_SIGN_STYLE = Automatic;
				CURRENT_PROJECT_VERSION = 1;
				DEVELOPMENT_TEAM = 67T366536F;
				GENERATE_INFOPLIST_FILE = YES;
				INFOPLIST_FILE = Flow/Info.plist;
				INFOPLIST_KEY_UIApplicationSupportsIndirectInputEvents = YES;
				INFOPLIST_KEY_UILaunchStoryboardName = LaunchScreen;
				INFOPLIST_KEY_UIRequiresFullScreen = NO;
				INFOPLIST_KEY_UISupportedInterfaceOrientations = UIInterfaceOrientationPortrait;
				INFOPLIST_KEY_UISupportedInterfaceOrientations_iPad = UIInterfaceOrientationPortrait;
				INFOPLIST_KEY_UISupportedInterfaceOrientations_iPhone = UIInterfaceOrientationPortrait;
				LD_RUNPATH_SEARCH_PATHS = (
					"$(inherited)",
					"@executable_path/Frameworks",
				);
				MARKETING_VERSION = 1.0;
				PRODUCT_BUNDLE_IDENTIFIER = com.yhchen.Flow;
				PRODUCT_NAME = "$(TARGET_NAME)";
				SWIFT_EMIT_LOC_STRINGS = YES;
				SWIFT_VERSION = 5.0;
				TARGETED_DEVICE_FAMILY = "1,2";
			};
			name = Debug;
		};
		B546128B2782C65100C87339 /* Release */ = {
			isa = XCBuildConfiguration;
			buildSettings = {
				ASSETCATALOG_COMPILER_APPICON_NAME = AppIcon;
				ASSETCATALOG_COMPILER_GLOBAL_ACCENT_COLOR_NAME = AccentColor;
				CODE_SIGN_STYLE = Automatic;
				CURRENT_PROJECT_VERSION = 1;
				DEVELOPMENT_TEAM = 67T366536F;
				GENERATE_INFOPLIST_FILE = YES;
				INFOPLIST_FILE = Flow/Info.plist;
				INFOPLIST_KEY_UIApplicationSupportsIndirectInputEvents = YES;
				INFOPLIST_KEY_UILaunchStoryboardName = LaunchScreen;
				INFOPLIST_KEY_UIRequiresFullScreen = NO;
				INFOPLIST_KEY_UISupportedInterfaceOrientations = UIInterfaceOrientationPortrait;
				INFOPLIST_KEY_UISupportedInterfaceOrientations_iPad = UIInterfaceOrientationPortrait;
				INFOPLIST_KEY_UISupportedInterfaceOrientations_iPhone = UIInterfaceOrientationPortrait;
				LD_RUNPATH_SEARCH_PATHS = (
					"$(inherited)",
					"@executable_path/Frameworks",
				);
				MARKETING_VERSION = 1.0;
				PRODUCT_BUNDLE_IDENTIFIER = com.yhchen.Flow;
				PRODUCT_NAME = "$(TARGET_NAME)";
				SWIFT_EMIT_LOC_STRINGS = YES;
				SWIFT_VERSION = 5.0;
				TARGETED_DEVICE_FAMILY = "1,2";
			};
			name = Release;
		};
/* End XCBuildConfiguration section */

/* Begin XCConfigurationList section */
		B54612702782C65000C87339 /* Build configuration list for PBXProject "Flow" */ = {
			isa = XCConfigurationList;
			buildConfigurations = (
				B54612872782C65100C87339 /* Debug */,
				B54612882782C65100C87339 /* Release */,
			);
			defaultConfigurationIsVisible = 0;
			defaultConfigurationName = Release;
		};
		B54612892782C65100C87339 /* Build configuration list for PBXNativeTarget "Flow" */ = {
			isa = XCConfigurationList;
			buildConfigurations = (
				B546128A2782C65100C87339 /* Debug */,
				B546128B2782C65100C87339 /* Release */,
			);
			defaultConfigurationIsVisible = 0;
			defaultConfigurationName = Release;
		};
/* End XCConfigurationList section */
	};
	rootObject = B546126D2782C65000C87339 /* Project object */;
}
